// !$*UTF8*$!
{
	archiveVersion = 1;
	classes = {
	};
	objectVersion = 51;
	objects = {

/* Begin PBXBuildFile section */
		12A7BB77266559CF004272EC /* StorageViewController.swift in Sources */ = {isa = PBXBuildFile; fileRef = 12A7BB76266559CF004272EC /* StorageViewController.swift */; };
		12A7BB9D26655E56004272EC /* client-server-swift.xcdatamodeld in Sources */ = {isa = PBXBuildFile; fileRef = 12A7BB9B26655E56004272EC /* client-server-swift.xcdatamodeld */; };
		12A7BBA926656108004272EC /* Human+CoreDataClass.swift in Sources */ = {isa = PBXBuildFile; fileRef = 12A7BBA726656108004272EC /* Human+CoreDataClass.swift */; };
		12A7BBAA26656108004272EC /* Human+CoreDataProperties.swift in Sources */ = {isa = PBXBuildFile; fileRef = 12A7BBA826656108004272EC /* Human+CoreDataProperties.swift */; };
		12C4B213265821A500E6655C /* AppDelegate.swift in Sources */ = {isa = PBXBuildFile; fileRef = 12C4B212265821A500E6655C /* AppDelegate.swift */; };
		12C4B215265821A500E6655C /* SceneDelegate.swift in Sources */ = {isa = PBXBuildFile; fileRef = 12C4B214265821A500E6655C /* SceneDelegate.swift */; };
		12C4B217265821A500E6655C /* ViewController.swift in Sources */ = {isa = PBXBuildFile; fileRef = 12C4B216265821A500E6655C /* ViewController.swift */; };
		12C4B21A265821A500E6655C /* Main.storyboard in Resources */ = {isa = PBXBuildFile; fileRef = 12C4B218265821A500E6655C /* Main.storyboard */; };
		12C4B21C265821A800E6655C /* Assets.xcassets in Resources */ = {isa = PBXBuildFile; fileRef = 12C4B21B265821A800E6655C /* Assets.xcassets */; };
		12C4B21F265821A800E6655C /* LaunchScreen.storyboard in Resources */ = {isa = PBXBuildFile; fileRef = 12C4B21D265821A800E6655C /* LaunchScreen.storyboard */; };
		12C4B22B2658277D00E6655C /* AccountViewController.swift in Sources */ = {isa = PBXBuildFile; fileRef = 12C4B22A2658277D00E6655C /* AccountViewController.swift */; };
		12C4B22D2658278B00E6655C /* DetailAccountViewController.swift in Sources */ = {isa = PBXBuildFile; fileRef = 12C4B22C2658278B00E6655C /* DetailAccountViewController.swift */; };
		12C4B230265828BE00E6655C /* Account.swift in Sources */ = {isa = PBXBuildFile; fileRef = 12C4B22F265828BD00E6655C /* Account.swift */; };
		12C4B23326582C0D00E6655C /* ObserverViewController.swift in Sources */ = {isa = PBXBuildFile; fileRef = 12C4B23226582C0D00E6655C /* ObserverViewController.swift */; };
		12C4B23626582FC900E6655C /* NotificationCenterViewController.swift in Sources */ = {isa = PBXBuildFile; fileRef = 12C4B23526582FC900E6655C /* NotificationCenterViewController.swift */; };
		12C4B2392658363100E6655C /* ChooseFruitViewController.swift in Sources */ = {isa = PBXBuildFile; fileRef = 12C4B2382658363100E6655C /* ChooseFruitViewController.swift */; };
		12C4B23B2658364200E6655C /* FruitsViewController.swift in Sources */ = {isa = PBXBuildFile; fileRef = 12C4B23A2658364200E6655C /* FruitsViewController.swift */; };
		12E60E8926615ECE0098648B /* MappingViewController.swift in Sources */ = {isa = PBXBuildFile; fileRef = 12E60E8826615ECE0098648B /* MappingViewController.swift */; };
		12E60E8B266162190098648B /* Data+PrettyJSON.swift in Sources */ = {isa = PBXBuildFile; fileRef = 12E60E8A266162190098648B /* Data+PrettyJSON.swift */; };
		12E60E8D266165AE0098648B /* User.swift in Sources */ = {isa = PBXBuildFile; fileRef = 12E60E8C266165AE0098648B /* User.swift */; };
		12E60E9126616A360098648B /* WeatherModel.swift in Sources */ = {isa = PBXBuildFile; fileRef = 12E60E9026616A360098648B /* WeatherModel.swift */; };
		12FD08C6265C205300AD7261 /* NetworkViewController.swift in Sources */ = {isa = PBXBuildFile; fileRef = 12FD08C5265C205300AD7261 /* NetworkViewController.swift */; };
		12FD08C8265C28A500AD7261 /* WeatherService.swift in Sources */ = {isa = PBXBuildFile; fileRef = 12FD08C7265C28A500AD7261 /* WeatherService.swift */; };
		12FD08CA265C2BB400AD7261 /* AuthViewController.swift in Sources */ = {isa = PBXBuildFile; fileRef = 12FD08C9265C2BB400AD7261 /* AuthViewController.swift */; };
		12FDA345266E90FB007F8AFD /* RealmViewController.swift in Sources */ = {isa = PBXBuildFile; fileRef = 12FDA344266E90FB007F8AFD /* RealmViewController.swift */; };
		12FDA347266E97B3007F8AFD /* DatabaseService.swift in Sources */ = {isa = PBXBuildFile; fileRef = 12FDA346266E97B3007F8AFD /* DatabaseService.swift */; };
		9D17FE33F3C25B8B611EE351 /* Pods_client_server_swift.framework in Frameworks */ = {isa = PBXBuildFile; fileRef = F08D0C682157F5DBCE297C92 /* Pods_client_server_swift.framework */; };
/* End PBXBuildFile section */

/* Begin PBXFileReference section */
		060DF63ADD119A742888FC8C /* Pods-client-server-swift.debug.xcconfig */ = {isa = PBXFileReference; includeInIndex = 1; lastKnownFileType = text.xcconfig; name = "Pods-client-server-swift.debug.xcconfig"; path = "Target Support Files/Pods-client-server-swift/Pods-client-server-swift.debug.xcconfig"; sourceTree = "<group>"; };
		12A7BB76266559CF004272EC /* StorageViewController.swift */ = {isa = PBXFileReference; lastKnownFileType = sourcecode.swift; name = StorageViewController.swift; path = "client-server-swift/Lesson-3/Models/StorageViewController.swift"; sourceTree = SOURCE_ROOT; };
		12A7BB9C26655E56004272EC /* client-server-swift.xcdatamodel */ = {isa = PBXFileReference; lastKnownFileType = wrapper.xcdatamodel; path = "client-server-swift.xcdatamodel"; sourceTree = "<group>"; };
		12A7BBA726656108004272EC /* Human+CoreDataClass.swift */ = {isa = PBXFileReference; fileEncoding = 4; lastKnownFileType = sourcecode.swift; path = "Human+CoreDataClass.swift"; sourceTree = SOURCE_ROOT; };
		12A7BBA826656108004272EC /* Human+CoreDataProperties.swift */ = {isa = PBXFileReference; fileEncoding = 4; lastKnownFileType = sourcecode.swift; path = "Human+CoreDataProperties.swift"; sourceTree = SOURCE_ROOT; };
		12C4B20F265821A500E6655C /* client-server-swift.app */ = {isa = PBXFileReference; explicitFileType = wrapper.application; includeInIndex = 0; path = "client-server-swift.app"; sourceTree = BUILT_PRODUCTS_DIR; };
		12C4B212265821A500E6655C /* AppDelegate.swift */ = {isa = PBXFileReference; lastKnownFileType = sourcecode.swift; path = AppDelegate.swift; sourceTree = "<group>"; };
		12C4B214265821A500E6655C /* SceneDelegate.swift */ = {isa = PBXFileReference; lastKnownFileType = sourcecode.swift; path = SceneDelegate.swift; sourceTree = "<group>"; };
		12C4B216265821A500E6655C /* ViewController.swift */ = {isa = PBXFileReference; lastKnownFileType = sourcecode.swift; path = ViewController.swift; sourceTree = "<group>"; };
		12C4B219265821A500E6655C /* Base */ = {isa = PBXFileReference; lastKnownFileType = file.storyboard; name = Base; path = Base.lproj/Main.storyboard; sourceTree = "<group>"; };
		12C4B21B265821A800E6655C /* Assets.xcassets */ = {isa = PBXFileReference; lastKnownFileType = folder.assetcatalog; path = Assets.xcassets; sourceTree = "<group>"; };
		12C4B21E265821A800E6655C /* Base */ = {isa = PBXFileReference; lastKnownFileType = file.storyboard; name = Base; path = Base.lproj/LaunchScreen.storyboard; sourceTree = "<group>"; };
		12C4B220265821A800E6655C /* Info.plist */ = {isa = PBXFileReference; lastKnownFileType = text.plist.xml; path = Info.plist; sourceTree = "<group>"; };
		12C4B22A2658277D00E6655C /* AccountViewController.swift */ = {isa = PBXFileReference; lastKnownFileType = sourcecode.swift; path = AccountViewController.swift; sourceTree = "<group>"; };
		12C4B22C2658278B00E6655C /* DetailAccountViewController.swift */ = {isa = PBXFileReference; lastKnownFileType = sourcecode.swift; path = DetailAccountViewController.swift; sourceTree = "<group>"; };
		12C4B22F265828BD00E6655C /* Account.swift */ = {isa = PBXFileReference; lastKnownFileType = sourcecode.swift; path = Account.swift; sourceTree = "<group>"; };
		12C4B23226582C0D00E6655C /* ObserverViewController.swift */ = {isa = PBXFileReference; lastKnownFileType = sourcecode.swift; path = ObserverViewController.swift; sourceTree = "<group>"; };
		12C4B23526582FC900E6655C /* NotificationCenterViewController.swift */ = {isa = PBXFileReference; lastKnownFileType = sourcecode.swift; path = NotificationCenterViewController.swift; sourceTree = "<group>"; };
		12C4B2382658363100E6655C /* ChooseFruitViewController.swift */ = {isa = PBXFileReference; lastKnownFileType = sourcecode.swift; path = ChooseFruitViewController.swift; sourceTree = "<group>"; };
		12C4B23A2658364200E6655C /* FruitsViewController.swift */ = {isa = PBXFileReference; lastKnownFileType = sourcecode.swift; path = FruitsViewController.swift; sourceTree = "<group>"; };
		12E60E8826615ECE0098648B /* MappingViewController.swift */ = {isa = PBXFileReference; lastKnownFileType = sourcecode.swift; path = MappingViewController.swift; sourceTree = "<group>"; };
		12E60E8A266162190098648B /* Data+PrettyJSON.swift */ = {isa = PBXFileReference; lastKnownFileType = sourcecode.swift; path = "Data+PrettyJSON.swift"; sourceTree = "<group>"; };
		12E60E8C266165AE0098648B /* User.swift */ = {isa = PBXFileReference; lastKnownFileType = sourcecode.swift; path = User.swift; sourceTree = "<group>"; };
		12E60E9026616A360098648B /* WeatherModel.swift */ = {isa = PBXFileReference; lastKnownFileType = sourcecode.swift; path = WeatherModel.swift; sourceTree = "<group>"; };
		12FD08C5265C205300AD7261 /* NetworkViewController.swift */ = {isa = PBXFileReference; lastKnownFileType = sourcecode.swift; path = NetworkViewController.swift; sourceTree = "<group>"; };
		12FD08C7265C28A500AD7261 /* WeatherService.swift */ = {isa = PBXFileReference; lastKnownFileType = sourcecode.swift; path = WeatherService.swift; sourceTree = "<group>"; };
		12FD08C9265C2BB400AD7261 /* AuthViewController.swift */ = {isa = PBXFileReference; lastKnownFileType = sourcecode.swift; path = AuthViewController.swift; sourceTree = "<group>"; };
		12FDA344266E90FB007F8AFD /* RealmViewController.swift */ = {isa = PBXFileReference; lastKnownFileType = sourcecode.swift; path = RealmViewController.swift; sourceTree = "<group>"; };
		12FDA346266E97B3007F8AFD /* DatabaseService.swift */ = {isa = PBXFileReference; lastKnownFileType = sourcecode.swift; path = DatabaseService.swift; sourceTree = "<group>"; };
		B1038047CEA98041E6EAD6F2 /* Pods-client-server-swift.release.xcconfig */ = {isa = PBXFileReference; includeInIndex = 1; lastKnownFileType = text.xcconfig; name = "Pods-client-server-swift.release.xcconfig"; path = "Target Support Files/Pods-client-server-swift/Pods-client-server-swift.release.xcconfig"; sourceTree = "<group>"; };
		F08D0C682157F5DBCE297C92 /* Pods_client_server_swift.framework */ = {isa = PBXFileReference; explicitFileType = wrapper.framework; includeInIndex = 0; path = Pods_client_server_swift.framework; sourceTree = BUILT_PRODUCTS_DIR; };
/* End PBXFileReference section */

/* Begin PBXFrameworksBuildPhase section */
		12C4B20C265821A500E6655C /* Frameworks */ = {
			isa = PBXFrameworksBuildPhase;
			buildActionMask = 2147483647;
			files = (
				9D17FE33F3C25B8B611EE351 /* Pods_client_server_swift.framework in Frameworks */,
			);
			runOnlyForDeploymentPostprocessing = 0;
		};
/* End PBXFrameworksBuildPhase section */

/* Begin PBXGroup section */
		12A7BB75266559B7004272EC /* Lesson-4 */ = {
			isa = PBXGroup;
			children = (
				12A7BB76266559CF004272EC /* StorageViewController.swift */,
				12A7BBA226655F28004272EC /* Database */,
			);
			path = "Lesson-4";
			sourceTree = "<group>";
		};
		12A7BBA226655F28004272EC /* Database */ = {
			isa = PBXGroup;
			children = (
				12A7BBA726656108004272EC /* Human+CoreDataClass.swift */,
				12A7BBA826656108004272EC /* Human+CoreDataProperties.swift */,
			);
			path = Database;
			sourceTree = "<group>";
		};
		12C4B206265821A500E6655C = {
			isa = PBXGroup;
			children = (
				12C4B211265821A500E6655C /* client-server-swift */,
				12C4B210265821A500E6655C /* Products */,
				7BF9966F9B3F6FADDA0AD8F5 /* Pods */,
				D8B3992AF6B1F79C6A4C5075 /* Frameworks */,
			);
			sourceTree = "<group>";
		};
		12C4B210265821A500E6655C /* Products */ = {
			isa = PBXGroup;
			children = (
				12C4B20F265821A500E6655C /* client-server-swift.app */,
			);
			name = Products;
			sourceTree = "<group>";
		};
		12C4B211265821A500E6655C /* client-server-swift */ = {
			isa = PBXGroup;
			children = (
				12C4B226265821B900E6655C /* App */,
				12FDA343266E90D0007F8AFD /* Lesson-5 */,
				12A7BB75266559B7004272EC /* Lesson-4 */,
				12E60E8726615EB90098648B /* Lesson-3 */,
				12FD08C4265C203A00AD7261 /* Lesson-2 */,
				12C4B228265821E200E6655C /* Lesson-1 */,
				12C4B227265821C400E6655C /* Resources */,
			);
			path = "client-server-swift";
			sourceTree = "<group>";
		};
		12C4B226265821B900E6655C /* App */ = {
			isa = PBXGroup;
			children = (
				12C4B212265821A500E6655C /* AppDelegate.swift */,
				12C4B214265821A500E6655C /* SceneDelegate.swift */,
			);
			path = App;
			sourceTree = "<group>";
		};
		12C4B227265821C400E6655C /* Resources */ = {
			isa = PBXGroup;
			children = (
				12C4B218265821A500E6655C /* Main.storyboard */,
				12C4B21B265821A800E6655C /* Assets.xcassets */,
				12C4B21D265821A800E6655C /* LaunchScreen.storyboard */,
				12C4B220265821A800E6655C /* Info.plist */,
				12A7BB9B26655E56004272EC /* client-server-swift.xcdatamodeld */,
			);
			path = Resources;
			sourceTree = "<group>";
		};
		12C4B228265821E200E6655C /* Lesson-1 */ = {
			isa = PBXGroup;
			children = (
				12C4B2372658356100E6655C /* Delegation */,
				12C4B23426582F9A00E6655C /* NotificationCenter */,
				12C4B23126582BD100E6655C /* Observer-1 */,
				12C4B2292658263C00E6655C /* Singleton */,
			);
			path = "Lesson-1";
			sourceTree = "<group>";
		};
		12C4B2292658263C00E6655C /* Singleton */ = {
			isa = PBXGroup;
			children = (
				12C4B22E2658289400E6655C /* Service */,
				12C4B216265821A500E6655C /* ViewController.swift */,
				12C4B22A2658277D00E6655C /* AccountViewController.swift */,
				12C4B22C2658278B00E6655C /* DetailAccountViewController.swift */,
			);
			path = Singleton;
			sourceTree = "<group>";
		};
		12C4B22E2658289400E6655C /* Service */ = {
			isa = PBXGroup;
			children = (
				12C4B22F265828BD00E6655C /* Account.swift */,
			);
			path = Service;
			sourceTree = "<group>";
		};
		12C4B23126582BD100E6655C /* Observer-1 */ = {
			isa = PBXGroup;
			children = (
				12C4B23226582C0D00E6655C /* ObserverViewController.swift */,
			);
			path = "Observer-1";
			sourceTree = "<group>";
		};
		12C4B23426582F9A00E6655C /* NotificationCenter */ = {
			isa = PBXGroup;
			children = (
				12C4B23526582FC900E6655C /* NotificationCenterViewController.swift */,
			);
			path = NotificationCenter;
			sourceTree = "<group>";
		};
		12C4B2372658356100E6655C /* Delegation */ = {
			isa = PBXGroup;
			children = (
				12C4B2382658363100E6655C /* ChooseFruitViewController.swift */,
				12C4B23A2658364200E6655C /* FruitsViewController.swift */,
			);
			path = Delegation;
			sourceTree = "<group>";
		};
		12E60E8726615EB90098648B /* Lesson-3 */ = {
			isa = PBXGroup;
			children = (
				12FD08C7265C28A500AD7261 /* WeatherService.swift */,
				12E60E8826615ECE0098648B /* MappingViewController.swift */,
				12E60E8E266166110098648B /* Models */,
				12E60E8F2661661A0098648B /* Extensions */,
			);
			path = "Lesson-3";
			sourceTree = "<group>";
		};
		12E60E8E266166110098648B /* Models */ = {
			isa = PBXGroup;
			children = (
				12E60E8C266165AE0098648B /* User.swift */,
				12E60E9026616A360098648B /* WeatherModel.swift */,
			);
			path = Models;
			sourceTree = "<group>";
		};
		12E60E8F2661661A0098648B /* Extensions */ = {
			isa = PBXGroup;
			children = (
				12E60E8A266162190098648B /* Data+PrettyJSON.swift */,
			);
			path = Extensions;
			sourceTree = "<group>";
		};
		12FD08C4265C203A00AD7261 /* Lesson-2 */ = {
			isa = PBXGroup;
			children = (
				12FD08C5265C205300AD7261 /* NetworkViewController.swift */,
				12FD08C9265C2BB400AD7261 /* AuthViewController.swift */,
			);
			path = "Lesson-2";
			sourceTree = "<group>";
		};
		12FDA343266E90D0007F8AFD /* Lesson-5 */ = {
			isa = PBXGroup;
			children = (
				12FDA344266E90FB007F8AFD /* RealmViewController.swift */,
				12FDA346266E97B3007F8AFD /* DatabaseService.swift */,
			);
			path = "Lesson-5";
			sourceTree = "<group>";
		};
		7BF9966F9B3F6FADDA0AD8F5 /* Pods */ = {
			isa = PBXGroup;
			children = (
				060DF63ADD119A742888FC8C /* Pods-client-server-swift.debug.xcconfig */,
				B1038047CEA98041E6EAD6F2 /* Pods-client-server-swift.release.xcconfig */,
			);
			path = Pods;
			sourceTree = "<group>";
		};
		D8B3992AF6B1F79C6A4C5075 /* Frameworks */ = {
			isa = PBXGroup;
			children = (
				F08D0C682157F5DBCE297C92 /* Pods_client_server_swift.framework */,
			);
			name = Frameworks;
			sourceTree = "<group>";
		};
/* End PBXGroup section */

/* Begin PBXNativeTarget section */
		12C4B20E265821A500E6655C /* client-server-swift */ = {
			isa = PBXNativeTarget;
			buildConfigurationList = 12C4B223265821A800E6655C /* Build configuration list for PBXNativeTarget "client-server-swift" */;
			buildPhases = (
				22062B5EFC9B7522E00D5F33 /* [CP] Check Pods Manifest.lock */,
				12C4B20B265821A500E6655C /* Sources */,
				12C4B20C265821A500E6655C /* Frameworks */,
				12C4B20D265821A500E6655C /* Resources */,
				4257D1579B157931D3C0C10D /* [CP] Embed Pods Frameworks */,
			);
			buildRules = (
			);
			dependencies = (
			);
			name = "client-server-swift";
			productName = "client-server-swift";
			productReference = 12C4B20F265821A500E6655C /* client-server-swift.app */;
			productType = "com.apple.product-type.application";
		};
/* End PBXNativeTarget section */

/* Begin PBXProject section */
		12C4B207265821A500E6655C /* Project object */ = {
			isa = PBXProject;
			attributes = {
				LastSwiftUpdateCheck = 1250;
				LastUpgradeCheck = 1250;
				TargetAttributes = {
					12C4B20E265821A500E6655C = {
						CreatedOnToolsVersion = 12.5;
					};
				};
			};
			buildConfigurationList = 12C4B20A265821A500E6655C /* Build configuration list for PBXProject "client-server-swift" */;
			compatibilityVersion = "Xcode 9.3";
			developmentRegion = en;
			hasScannedForEncodings = 0;
			knownRegions = (
				en,
				Base,
			);
			mainGroup = 12C4B206265821A500E6655C;
			productRefGroup = 12C4B210265821A500E6655C /* Products */;
			projectDirPath = "";
			projectRoot = "";
			targets = (
				12C4B20E265821A500E6655C /* client-server-swift */,
			);
		};
/* End PBXProject section */

/* Begin PBXResourcesBuildPhase section */
		12C4B20D265821A500E6655C /* Resources */ = {
			isa = PBXResourcesBuildPhase;
			buildActionMask = 2147483647;
			files = (
				12C4B21F265821A800E6655C /* LaunchScreen.storyboard in Resources */,
				12C4B21C265821A800E6655C /* Assets.xcassets in Resources */,
				12C4B21A265821A500E6655C /* Main.storyboard in Resources */,
			);
			runOnlyForDeploymentPostprocessing = 0;
		};
/* End PBXResourcesBuildPhase section */

/* Begin PBXShellScriptBuildPhase section */
		22062B5EFC9B7522E00D5F33 /* [CP] Check Pods Manifest.lock */ = {
			isa = PBXShellScriptBuildPhase;
			buildActionMask = 2147483647;
			files = (
			);
			inputFileListPaths = (
			);
			inputPaths = (
				"${PODS_PODFILE_DIR_PATH}/Podfile.lock",
				"${PODS_ROOT}/Manifest.lock",
			);
			name = "[CP] Check Pods Manifest.lock";
			outputFileListPaths = (
			);
			outputPaths = (
				"$(DERIVED_FILE_DIR)/Pods-client-server-swift-checkManifestLockResult.txt",
			);
			runOnlyForDeploymentPostprocessing = 0;
			shellPath = /bin/sh;
			shellScript = "diff \"${PODS_PODFILE_DIR_PATH}/Podfile.lock\" \"${PODS_ROOT}/Manifest.lock\" > /dev/null\nif [ $? != 0 ] ; then\n    # print error to STDERR\n    echo \"error: The sandbox is not in sync with the Podfile.lock. Run 'pod install' or update your CocoaPods installation.\" >&2\n    exit 1\nfi\n# This output is used by Xcode 'outputs' to avoid re-running this script phase.\necho \"SUCCESS\" > \"${SCRIPT_OUTPUT_FILE_0}\"\n";
			showEnvVarsInLog = 0;
		};
		4257D1579B157931D3C0C10D /* [CP] Embed Pods Frameworks */ = {
			isa = PBXShellScriptBuildPhase;
			buildActionMask = 2147483647;
			files = (
			);
			inputFileListPaths = (
				"${PODS_ROOT}/Target Support Files/Pods-client-server-swift/Pods-client-server-swift-frameworks-${CONFIGURATION}-input-files.xcfilelist",
			);
			name = "[CP] Embed Pods Frameworks";
			outputFileListPaths = (
				"${PODS_ROOT}/Target Support Files/Pods-client-server-swift/Pods-client-server-swift-frameworks-${CONFIGURATION}-output-files.xcfilelist",
			);
			runOnlyForDeploymentPostprocessing = 0;
			shellPath = /bin/sh;
			shellScript = "\"${PODS_ROOT}/Target Support Files/Pods-client-server-swift/Pods-client-server-swift-frameworks.sh\"\n";
			showEnvVarsInLog = 0;
		};
/* End PBXShellScriptBuildPhase section */

/* Begin PBXSourcesBuildPhase section */
		12C4B20B265821A500E6655C /* Sources */ = {
			isa = PBXSourcesBuildPhase;
			buildActionMask = 2147483647;
			files = (
				12E60E8B266162190098648B /* Data+PrettyJSON.swift in Sources */,
				12A7BB9D26655E56004272EC /* client-server-swift.xcdatamodeld in Sources */,
				12E60E9126616A360098648B /* WeatherModel.swift in Sources */,
				12C4B23626582FC900E6655C /* NotificationCenterViewController.swift in Sources */,
				12C4B23B2658364200E6655C /* FruitsViewController.swift in Sources */,
				12FD08C6265C205300AD7261 /* NetworkViewController.swift in Sources */,
				12E60E8D266165AE0098648B /* User.swift in Sources */,
				12C4B217265821A500E6655C /* ViewController.swift in Sources */,
				12A7BBAA26656108004272EC /* Human+CoreDataProperties.swift in Sources */,
				12FD08C8265C28A500AD7261 /* WeatherService.swift in Sources */,
				12A7BBA926656108004272EC /* Human+CoreDataClass.swift in Sources */,
				12A7BB77266559CF004272EC /* StorageViewController.swift in Sources */,
				12FDA345266E90FB007F8AFD /* RealmViewController.swift in Sources */,
				12C4B213265821A500E6655C /* AppDelegate.swift in Sources */,
				12C4B22D2658278B00E6655C /* DetailAccountViewController.swift in Sources */,
				12C4B22B2658277D00E6655C /* AccountViewController.swift in Sources */,
				12FD08CA265C2BB400AD7261 /* AuthViewController.swift in Sources */,
				12C4B23326582C0D00E6655C /* ObserverViewController.swift in Sources */,
				12FDA347266E97B3007F8AFD /* DatabaseService.swift in Sources */,
				12C4B2392658363100E6655C /* ChooseFruitViewController.swift in Sources */,
				12E60E8926615ECE0098648B /* MappingViewController.swift in Sources */,
				12C4B215265821A500E6655C /* SceneDelegate.swift in Sources */,
				12C4B230265828BE00E6655C /* Account.swift in Sources */,
			);
			runOnlyForDeploymentPostprocessing = 0;
		};
/* End PBXSourcesBuildPhase section */

/* Begin PBXVariantGroup section */
		12C4B218265821A500E6655C /* Main.storyboard */ = {
			isa = PBXVariantGroup;
			children = (
				12C4B219265821A500E6655C /* Base */,
			);
			name = Main.storyboard;
			sourceTree = "<group>";
		};
		12C4B21D265821A800E6655C /* LaunchScreen.storyboard */ = {
			isa = PBXVariantGroup;
			children = (
				12C4B21E265821A800E6655C /* Base */,
			);
			name = LaunchScreen.storyboard;
			sourceTree = "<group>";
		};
/* End PBXVariantGroup section */

/* Begin XCBuildConfiguration section */
		12C4B221265821A800E6655C /* Debug */ = {
			isa = XCBuildConfiguration;
			buildSettings = {
				ALWAYS_SEARCH_USER_PATHS = NO;
				CLANG_ANALYZER_NONNULL = YES;
				CLANG_ANALYZER_NUMBER_OBJECT_CONVERSION = YES_AGGRESSIVE;
				CLANG_CXX_LANGUAGE_STANDARD = "gnu++14";
				CLANG_CXX_LIBRARY = "libc++";
				CLANG_ENABLE_MODULES = YES;
				CLANG_ENABLE_OBJC_ARC = YES;
				CLANG_ENABLE_OBJC_WEAK = YES;
				CLANG_WARN_BLOCK_CAPTURE_AUTORELEASING = YES;
				CLANG_WARN_BOOL_CONVERSION = YES;
				CLANG_WARN_COMMA = YES;
				CLANG_WARN_CONSTANT_CONVERSION = YES;
				CLANG_WARN_DEPRECATED_OBJC_IMPLEMENTATIONS = YES;
				CLANG_WARN_DIRECT_OBJC_ISA_USAGE = YES_ERROR;
				CLANG_WARN_DOCUMENTATION_COMMENTS = YES;
				CLANG_WARN_EMPTY_BODY = YES;
				CLANG_WARN_ENUM_CONVERSION = YES;
				CLANG_WARN_INFINITE_RECURSION = YES;
				CLANG_WARN_INT_CONVERSION = YES;
				CLANG_WARN_NON_LITERAL_NULL_CONVERSION = YES;
				CLANG_WARN_OBJC_IMPLICIT_RETAIN_SELF = YES;
				CLANG_WARN_OBJC_LITERAL_CONVERSION = YES;
				CLANG_WARN_OBJC_ROOT_CLASS = YES_ERROR;
				CLANG_WARN_QUOTED_INCLUDE_IN_FRAMEWORK_HEADER = YES;
				CLANG_WARN_RANGE_LOOP_ANALYSIS = YES;
				CLANG_WARN_STRICT_PROTOTYPES = YES;
				CLANG_WARN_SUSPICIOUS_MOVE = YES;
				CLANG_WARN_UNGUARDED_AVAILABILITY = YES_AGGRESSIVE;
				CLANG_WARN_UNREACHABLE_CODE = YES;
				CLANG_WARN__DUPLICATE_METHOD_MATCH = YES;
				COPY_PHASE_STRIP = NO;
				DEBUG_INFORMATION_FORMAT = dwarf;
				ENABLE_STRICT_OBJC_MSGSEND = YES;
				ENABLE_TESTABILITY = YES;
				GCC_C_LANGUAGE_STANDARD = gnu11;
				GCC_DYNAMIC_NO_PIC = NO;
				GCC_NO_COMMON_BLOCKS = YES;
				GCC_OPTIMIZATION_LEVEL = 0;
				GCC_PREPROCESSOR_DEFINITIONS = (
					"DEBUG=1",
					"$(inherited)",
				);
				GCC_WARN_64_TO_32_BIT_CONVERSION = YES;
				GCC_WARN_ABOUT_RETURN_TYPE = YES_ERROR;
				GCC_WARN_UNDECLARED_SELECTOR = YES;
				GCC_WARN_UNINITIALIZED_AUTOS = YES_AGGRESSIVE;
				GCC_WARN_UNUSED_FUNCTION = YES;
				GCC_WARN_UNUSED_VARIABLE = YES;
				IPHONEOS_DEPLOYMENT_TARGET = 14.5;
				MTL_ENABLE_DEBUG_INFO = INCLUDE_SOURCE;
				MTL_FAST_MATH = YES;
				ONLY_ACTIVE_ARCH = YES;
				SDKROOT = iphoneos;
				SWIFT_ACTIVE_COMPILATION_CONDITIONS = DEBUG;
				SWIFT_OPTIMIZATION_LEVEL = "-Onone";
			};
			name = Debug;
		};
		12C4B222265821A800E6655C /* Release */ = {
			isa = XCBuildConfiguration;
			buildSettings = {
				ALWAYS_SEARCH_USER_PATHS = NO;
				CLANG_ANALYZER_NONNULL = YES;
				CLANG_ANALYZER_NUMBER_OBJECT_CONVERSION = YES_AGGRESSIVE;
				CLANG_CXX_LANGUAGE_STANDARD = "gnu++14";
				CLANG_CXX_LIBRARY = "libc++";
				CLANG_ENABLE_MODULES = YES;
				CLANG_ENABLE_OBJC_ARC = YES;
				CLANG_ENABLE_OBJC_WEAK = YES;
				CLANG_WARN_BLOCK_CAPTURE_AUTORELEASING = YES;
				CLANG_WARN_BOOL_CONVERSION = YES;
				CLANG_WARN_COMMA = YES;
				CLANG_WARN_CONSTANT_CONVERSION = YES;
				CLANG_WARN_DEPRECATED_OBJC_IMPLEMENTATIONS = YES;
				CLANG_WARN_DIRECT_OBJC_ISA_USAGE = YES_ERROR;
				CLANG_WARN_DOCUMENTATION_COMMENTS = YES;
				CLANG_WARN_EMPTY_BODY = YES;
				CLANG_WARN_ENUM_CONVERSION = YES;
				CLANG_WARN_INFINITE_RECURSION = YES;
				CLANG_WARN_INT_CONVERSION = YES;
				CLANG_WARN_NON_LITERAL_NULL_CONVERSION = YES;
				CLANG_WARN_OBJC_IMPLICIT_RETAIN_SELF = YES;
				CLANG_WARN_OBJC_LITERAL_CONVERSION = YES;
				CLANG_WARN_OBJC_ROOT_CLASS = YES_ERROR;
				CLANG_WARN_QUOTED_INCLUDE_IN_FRAMEWORK_HEADER = YES;
				CLANG_WARN_RANGE_LOOP_ANALYSIS = YES;
				CLANG_WARN_STRICT_PROTOTYPES = YES;
				CLANG_WARN_SUSPICIOUS_MOVE = YES;
				CLANG_WARN_UNGUARDED_AVAILABILITY = YES_AGGRESSIVE;
				CLANG_WARN_UNREACHABLE_CODE = YES;
				CLANG_WARN__DUPLICATE_METHOD_MATCH = YES;
				COPY_PHASE_STRIP = NO;
				DEBUG_INFORMATION_FORMAT = "dwarf-with-dsym";
				ENABLE_NS_ASSERTIONS = NO;
				ENABLE_STRICT_OBJC_MSGSEND = YES;
				GCC_C_LANGUAGE_STANDARD = gnu11;
				GCC_NO_COMMON_BLOCKS = YES;
				GCC_WARN_64_TO_32_BIT_CONVERSION = YES;
				GCC_WARN_ABOUT_RETURN_TYPE = YES_ERROR;
				GCC_WARN_UNDECLARED_SELECTOR = YES;
				GCC_WARN_UNINITIALIZED_AUTOS = YES_AGGRESSIVE;
				GCC_WARN_UNUSED_FUNCTION = YES;
				GCC_WARN_UNUSED_VARIABLE = YES;
				IPHONEOS_DEPLOYMENT_TARGET = 14.5;
				MTL_ENABLE_DEBUG_INFO = NO;
				MTL_FAST_MATH = YES;
				SDKROOT = iphoneos;
				SWIFT_COMPILATION_MODE = wholemodule;
				SWIFT_OPTIMIZATION_LEVEL = "-O";
				VALIDATE_PRODUCT = YES;
			};
			name = Release;
		};
		12C4B224265821A800E6655C /* Debug */ = {
			isa = XCBuildConfiguration;
			baseConfigurationReference = 060DF63ADD119A742888FC8C /* Pods-client-server-swift.debug.xcconfig */;
			buildSettings = {
				ASSETCATALOG_COMPILER_APPICON_NAME = AppIcon;
				ASSETCATALOG_COMPILER_GLOBAL_ACCENT_COLOR_NAME = AccentColor;
				CODE_SIGN_STYLE = Automatic;
				DEVELOPMENT_TEAM = 77XX2PXRV7;
				INFOPLIST_FILE = "client-server-swift/Resources/Info.plist";
				LD_RUNPATH_SEARCH_PATHS = (
					"$(inherited)",
					"@executable_path/Frameworks",
				);
				PRODUCT_BUNDLE_IDENTIFIER = "com.10xengineer.client-server-swift";
				PRODUCT_NAME = "$(TARGET_NAME)";
				SWIFT_VERSION = 5.0;
				TARGETED_DEVICE_FAMILY = "1,2";
			};
			name = Debug;
		};
		12C4B225265821A800E6655C /* Release */ = {
			isa = XCBuildConfiguration;
			baseConfigurationReference = B1038047CEA98041E6EAD6F2 /* Pods-client-server-swift.release.xcconfig */;
			buildSettings = {
				ASSETCATALOG_COMPILER_APPICON_NAME = AppIcon;
				ASSETCATALOG_COMPILER_GLOBAL_ACCENT_COLOR_NAME = AccentColor;
				CODE_SIGN_STYLE = Automatic;
				DEVELOPMENT_TEAM = 77XX2PXRV7;
				INFOPLIST_FILE = "client-server-swift/Resources/Info.plist";
				LD_RUNPATH_SEARCH_PATHS = (
					"$(inherited)",
					"@executable_path/Frameworks",
				);
				PRODUCT_BUNDLE_IDENTIFIER = "com.10xengineer.client-server-swift";
				PRODUCT_NAME = "$(TARGET_NAME)";
				SWIFT_VERSION = 5.0;
				TARGETED_DEVICE_FAMILY = "1,2";
			};
			name = Release;
		};
/* End XCBuildConfiguration section */

/* Begin XCConfigurationList section */
		12C4B20A265821A500E6655C /* Build configuration list for PBXProject "client-server-swift" */ = {
			isa = XCConfigurationList;
			buildConfigurations = (
				12C4B221265821A800E6655C /* Debug */,
				12C4B222265821A800E6655C /* Release */,
			);
			defaultConfigurationIsVisible = 0;
			defaultConfigurationName = Release;
		};
		12C4B223265821A800E6655C /* Build configuration list for PBXNativeTarget "client-server-swift" */ = {
			isa = XCConfigurationList;
			buildConfigurations = (
				12C4B224265821A800E6655C /* Debug */,
				12C4B225265821A800E6655C /* Release */,
			);
			defaultConfigurationIsVisible = 0;
			defaultConfigurationName = Release;
		};
/* End XCConfigurationList section */

/* Begin XCVersionGroup section */
		12A7BB9B26655E56004272EC /* client-server-swift.xcdatamodeld */ = {
			isa = XCVersionGroup;
			children = (
				12A7BB9C26655E56004272EC /* client-server-swift.xcdatamodel */,
			);
			currentVersion = 12A7BB9C26655E56004272EC /* client-server-swift.xcdatamodel */;
			path = "client-server-swift.xcdatamodeld";
			sourceTree = "<group>";
			versionGroupType = wrapper.xcdatamodel;
		};
/* End XCVersionGroup section */
	};
	rootObject = 12C4B207265821A500E6655C /* Project object */;
}
